version = 1
revision = 3
requires-python = ">=3.14"

[[package]]
name = "colorama"
version = "0.4.6"
source = { registry = "https://pypi.org/simple" }
sdist = { url = "https://files.pythonhosted.org/packages/d8/53/6f443c9a4a8358a93a6792e2acffb9d9d5cb0a5cfd8802644b7b1c9a02e4/colorama-0.4.6.tar.gz", hash = "sha256:08695f5cb7ed6e0531a20572697297273c47b8cae5a63ffc6d6ed5c201be6e44", size = 27697, upload-time = "2022-10-25T02:36:22.414Z" }
wheels = [
    { url = "https://files.pythonhosted.org/packages/d1/d6/3965ed04c63042e047cb6a3e6ed1a63a35087b6a609aa3a15ed8ac56c221/colorama-0.4.6-py2.py3-none-any.whl", hash = "sha256:4f1d9991f5acc0ca119f9d443620b77f9d6b33703e51011c16baf57afb285fc6", size = 25335, upload-time = "2022-10-25T02:36:20.889Z" },
]

[[package]]
name = "convex"
version = "0.7.0"
source = { registry = "https://pypi.org/simple" }
sdist = { url = "https://files.pythonhosted.org/packages/b7/94/df84122f1bb468b4de53581dca322346ba119d67d1a72c91a2f9d0e5fc39/convex-0.7.0.tar.gz", hash = "sha256:4b2d3d1aac5c85a1858898ff88527bede549ba10b145b52e84ca3d9b7e02faa7", size = 70156, upload-time = "2024-12-17T01:03:20.162Z" }
wheels = [
    { url = "https://files.pythonhosted.org/packages/9a/7e/032c346a5a5bafa0ad3e642eb4d62bad3d264f4e9648c839a181616942e2/convex-0.7.0-cp39-abi3-macosx_10_12_x86_64.whl", hash = "sha256:e582dcad6753e6525ff1deb27d3f068ac1be03d489ede256a01c64a698bc3bc3", size = 1347870, upload-time = "2024-12-17T01:02:57.837Z" },
    { url = "https://files.pythonhosted.org/packages/cc/72/9541103fa944b5a6c03a8853556e5ae28d01b2ba72625b41b7dc16efe6e4/convex-0.7.0-cp39-abi3-macosx_11_0_arm64.whl", hash = "sha256:26712bcd84b604aabf3c465475355b877fc95e4921c733f59570ed4101e791e7", size = 1314291, upload-time = "2024-12-17T01:02:53.608Z" },
    { url = "https://files.pythonhosted.org/packages/f3/38/dbc90a2f9d716fdeea84d65b647810d589fc66edb16103eb157024bf279b/convex-0.7.0-cp39-abi3-manylinux_2_17_aarch64.manylinux2014_aarch64.whl", hash = "sha256:231b134daf26dc47e8da59f7678a933abc26706962ea166549bd9db8925a000d", size = 3701204, upload-time = "2024-12-17T01:02:12.475Z" },
    { url = "https://files.pythonhosted.org/packages/a2/a8/6adeb06d7abc2b67fcd32ee5019581a3caccf52823b9a37f33123fb7d40b/convex-0.7.0-cp39-abi3-manylinux_2_17_armv7l.manylinux2014_armv7l.whl", hash = "sha256:b47db8e0544cb28778850bfb036f64f3641aaec0e2fc3c1da5bdace0760464d0", size = 3014654, upload-time = "2024-12-17T01:02:20.424Z" },
    { url = "https://files.pythonhosted.org/packages/45/21/6bb57cc2b490eb2f46a99249a9bfaae4323dadae38813a997a67e6e44eb2/convex-0.7.0-cp39-abi3-manylinux_2_17_i686.manylinux2014_i686.whl", hash = "sha256:4604236db3177b3e8b74dd478361eaba1777467e9be031d9be3a342562dc6258", size = 3504604, upload-time = "2024-12-17T01:02:39.785Z" },
    { url = "https://files.pythonhosted.org/packages/3b/c5/d44575812e02fe9dd2b350dc57ad50177fa8410a12b0cc26237c14c62916/convex-0.7.0-cp39-abi3-manylinux_2_17_ppc64le.manylinux2014_ppc64le.whl", hash = "sha256:7dce0f6f04e63d2254b5a4c377cd9e9849282d2358496c44584faa95c604e7a6", size = 3366464, upload-time = "2024-12-17T01:02:27.786Z" },
    { url = "https://files.pythonhosted.org/packages/66/cc/879a3b0a39f623c4b6b7c9a3f60486da313a4731dcb9438af39d2f846ec9/convex-0.7.0-cp39-abi3-manylinux_2_17_s390x.manylinux2014_s390x.whl", hash = "sha256:eb0ca333418d5e66909e45a97804ed91c2e06010d1d75c14e54a404827a1b784", size = 3440217, upload-time = "2024-12-17T01:02:34.904Z" },
    { url = "https://files.pythonhosted.org/packages/80/ef/61be9ff389244e632e90d21b26f2d230e3f863ca169136c8c58557e15503/convex-0.7.0-cp39-abi3-manylinux_2_17_x86_64.manylinux2014_x86_64.whl", hash = "sha256:4b0d1539696b0154f4fc8f945d87fec9db9e0a37aa9fd1b2f0e2bd6d20609d0e", size = 3493700, upload-time = "2024-12-17T01:02:47.958Z" },
    { url = "https://files.pythonhosted.org/packages/f7/a6/d86b8117d1eda3351ed70221e7040c68ef874fc2b227a834ba11f3d79f74/convex-0.7.0-cp39-abi3-musllinux_1_2_aarch64.whl", hash = "sha256:db1a905863f67406a30bd7d0ada12e80586054fab945e1a1ffdb4dbc664d6e98", size = 4043024, upload-time = "2024-12-17T01:03:03.488Z" },
    { url = "https://files.pythonhosted.org/packages/4d/3b/81478653e4ca69038f05796faf0360fddbec276e0f9c2992a60e72996d7b/convex-0.7.0-cp39-abi3-musllinux_1_2_armv7l.whl", hash = "sha256:3a877c5bdd43a245436b1915088153000ade533dbee0a1a275d422e9a05f50a1", size = 3326214, upload-time = "2024-12-17T01:03:07.661Z" },
    { url = "https://files.pythonhosted.org/packages/45/3f/082b647a3af549e606122c078bac07395c2d64711dc17a325ba32bac64fb/convex-0.7.0-cp39-abi3-musllinux_1_2_i686.whl", hash = "sha256:9de6e493f317f6cf23221adf2e6499097bf181b3af36eb076be52740dcd2530c", size = 3589780, upload-time = "2024-12-17T01:03:12.288Z" },
    { url = "https://files.pythonhosted.org/packages/52/72/9dbf4f84d3dada8bee3a375270a273409117afd00c4c07aa648874308f64/convex-0.7.0-cp39-abi3-musllinux_1_2_x86_64.whl", hash = "sha256:bcbe677b25bce8a1f3b591bc6b899e6804aa673bce964af2808299de668d0720", size = 3635772, upload-time = "2024-12-17T01:03:18.084Z" },
    { url = "https://files.pythonhosted.org/packages/bd/f4/1a37d2d4aeb6ef881bfec1ff0bc62b7ca12c0b4a8de01bd89add17b7fd0c/convex-0.7.0-cp39-abi3-win32.whl", hash = "sha256:6df9f86327d1a2419da2f30e5b692c6e0410266cd342652cd3f61dedbb9258a1", size = 1073656, upload-time = "2024-12-17T01:03:24.798Z" },
    { url = "https://files.pythonhosted.org/packages/5d/a6/b01145a2a25c00024809dedf5fce0dc5e7cb3fbde477112e5569f35ff7d1/convex-0.7.0-cp39-abi3-win_amd64.whl", hash = "sha256:ee71e10a883fed22d2d2d43e828162eb0afe2071699fd36d6b0ba63a9639fee1", size = 1150704, upload-time = "2024-12-17T01:03:22.904Z" },
]

[[package]]
name = "iniconfig"
version = "2.3.0"
source = { registry = "https://pypi.org/simple" }
sdist = { url = "https://files.pythonhosted.org/packages/72/34/14ca021ce8e5dfedc35312d08ba8bf51fdd999c576889fc2c24cb97f4f10/iniconfig-2.3.0.tar.gz", hash = "sha256:c76315c77db068650d49c5b56314774a7804df16fee4402c1f19d6d15d8c4730", size = 20503, upload-time = "2025-10-18T21:55:43.219Z" }
wheels = [
    { url = "https://files.pythonhosted.org/packages/cb/b1/3846dd7f199d53cb17f49cba7e651e9ce294d8497c8c150530ed11865bb8/iniconfig-2.3.0-py3-none-any.whl", hash = "sha256:f631c04d2c48c52b84d0d0549c99ff3859c98df65b3101406327ecc7d53fbf12", size = 7484, upload-time = "2025-10-18T21:55:41.639Z" },
]

[[package]]
name = "linkify-it-py"
version = "2.0.3"
source = { registry = "https://pypi.org/simple" }
dependencies = [
    { name = "uc-micro-py" },
]
sdist = { url = "https://files.pythonhosted.org/packages/2a/ae/bb56c6828e4797ba5a4821eec7c43b8bf40f69cda4d4f5f8c8a2810ec96a/linkify-it-py-2.0.3.tar.gz", hash = "sha256:68cda27e162e9215c17d786649d1da0021a451bdc436ef9e0fa0ba5234b9b048", size = 27946, upload-time = "2024-02-04T14:48:04.179Z" }
wheels = [
    { url = "https://files.pythonhosted.org/packages/04/1e/b832de447dee8b582cac175871d2f6c3d5077cc56d5575cadba1fd1cccfa/linkify_it_py-2.0.3-py3-none-any.whl", hash = "sha256:6bcbc417b0ac14323382aef5c5192c0075bf8a9d6b41820a2b66371eac6b6d79", size = 19820, upload-time = "2024-02-04T14:48:02.496Z" },
]

[[package]]
name = "markdown-it-py"
version = "4.0.0"
source = { registry = "https://pypi.org/simple" }
dependencies = [
    { name = "mdurl" },
]
sdist = { url = "https://files.pythonhosted.org/packages/5b/f5/4ec618ed16cc4f8fb3b701563655a69816155e79e24a17b651541804721d/markdown_it_py-4.0.0.tar.gz", hash = "sha256:cb0a2b4aa34f932c007117b194e945bd74e0ec24133ceb5bac59009cda1cb9f3", size = 73070, upload-time = "2025-08-11T12:57:52.854Z" }
wheels = [
    { url = "https://files.pythonhosted.org/packages/94/54/e7d793b573f298e1c9013b8c4dade17d481164aa517d1d7148619c2cedbf/markdown_it_py-4.0.0-py3-none-any.whl", hash = "sha256:87327c59b172c5011896038353a81343b6754500a08cd7a4973bb48c6d578147", size = 87321, upload-time = "2025-08-11T12:57:51.923Z" },
]

[package.optional-dependencies]
linkify = [
    { name = "linkify-it-py" },
]

[[package]]
name = "mdit-py-plugins"
version = "0.5.0"
source = { registry = "https://pypi.org/simple" }
dependencies = [
    { name = "markdown-it-py" },
]
sdist = { url = "https://files.pythonhosted.org/packages/b2/fd/a756d36c0bfba5f6e39a1cdbdbfdd448dc02692467d83816dff4592a1ebc/mdit_py_plugins-0.5.0.tar.gz", hash = "sha256:f4918cb50119f50446560513a8e311d574ff6aaed72606ddae6d35716fe809c6", size = 44655, upload-time = "2025-08-11T07:25:49.083Z" }
wheels = [
    { url = "https://files.pythonhosted.org/packages/fb/86/dd6e5db36df29e76c7a7699123569a4a18c1623ce68d826ed96c62643cae/mdit_py_plugins-0.5.0-py3-none-any.whl", hash = "sha256:07a08422fc1936a5d26d146759e9155ea466e842f5ab2f7d2266dd084c8dab1f", size = 57205, upload-time = "2025-08-11T07:25:47.597Z" },
]

[[package]]
name = "mdurl"
version = "0.1.2"
source = { registry = "https://pypi.org/simple" }
sdist = { url = "https://files.pythonhosted.org/packages/d6/54/cfe61301667036ec958cb99bd3efefba235e65cdeb9c84d24a8293ba1d90/mdurl-0.1.2.tar.gz", hash = "sha256:bb413d29f5eea38f31dd4754dd7377d4465116fb207585f97bf925588687c1ba", size = 8729, upload-time = "2022-08-14T12:40:10.846Z" }
wheels = [
    { url = "https://files.pythonhosted.org/packages/b3/38/89ba8ad64ae25be8de66a6d463314cf1eb366222074cfda9ee839c56a4b4/mdurl-0.1.2-py3-none-any.whl", hash = "sha256:84008a41e51615a49fc9966191ff91509e3c40b939176e643fd50a5c2196b8f8", size = 9979, upload-time = "2022-08-14T12:40:09.779Z" },
]

[[package]]
name = "packaging"
version = "25.0"
source = { registry = "https://pypi.org/simple" }
sdist = { url = "https://files.pythonhosted.org/packages/a1/d4/1fc4078c65507b51b96ca8f8c3ba19e6a61c8253c72794544580a7b6c24d/packaging-25.0.tar.gz", hash = "sha256:d443872c98d677bf60f6a1f2f8c1cb748e8fe762d2bf9d3148b5599295b0fc4f", size = 165727, upload-time = "2025-04-19T11:48:59.673Z" }
wheels = [
    { url = "https://files.pythonhosted.org/packages/20/12/38679034af332785aac8774540895e234f4d07f7545804097de4b666afd8/packaging-25.0-py3-none-any.whl", hash = "sha256:29572ef2b1f17581046b3a2227d5c611fb25ec70ca1ba8554b24b0e69331a484", size = 66469, upload-time = "2025-04-19T11:48:57.875Z" },
]

[[package]]
name = "platformdirs"
version = "4.5.1"
source = { registry = "https://pypi.org/simple" }
sdist = { url = "https://files.pythonhosted.org/packages/cf/86/0248f086a84f01b37aaec0fa567b397df1a119f73c16f6c7a9aac73ea309/platformdirs-4.5.1.tar.gz", hash = "sha256:61d5cdcc6065745cdd94f0f878977f8de9437be93de97c1c12f853c9c0cdcbda", size = 21715, upload-time = "2025-12-05T13:52:58.638Z" }
wheels = [
    { url = "https://files.pythonhosted.org/packages/cb/28/3bfe2fa5a7b9c46fe7e13c97bda14c895fb10fa2ebf1d0abb90e0cea7ee1/platformdirs-4.5.1-py3-none-any.whl", hash = "sha256:d03afa3963c806a9bed9d5125c8f4cb2fdaf74a55ab60e5d59b3fde758104d31", size = 18731, upload-time = "2025-12-05T13:52:56.823Z" },
]

[[package]]
name = "pluggy"
version = "1.6.0"
source = { registry = "https://pypi.org/simple" }
sdist = { url = "https://files.pythonhosted.org/packages/f9/e2/3e91f31a7d2b083fe6ef3fa267035b518369d9511ffab804f839851d2779/pluggy-1.6.0.tar.gz", hash = "sha256:7dcc130b76258d33b90f61b658791dede3486c3e6bfb003ee5c9bfb396dd22f3", size = 69412, upload-time = "2025-05-15T12:30:07.975Z" }
wheels = [
    { url = "https://files.pythonhosted.org/packages/54/20/4d324d65cc6d9205fabedc306948156824eb9f0ee1633355a8f7ec5c66bf/pluggy-1.6.0-py3-none-any.whl", hash = "sha256:e920276dd6813095e9377c0bc5566d94c932c33b27a3e3945d8389c374dd4746", size = 20538, upload-time = "2025-05-15T12:30:06.134Z" },
]

[[package]]
name = "pygments"
version = "2.19.2"
source = { registry = "https://pypi.org/simple" }
sdist = { url = "https://files.pythonhosted.org/packages/b0/77/a5b8c569bf593b0140bde72ea885a803b82086995367bf2037de0159d924/pygments-2.19.2.tar.gz", hash = "sha256:636cb2477cec7f8952536970bc533bc43743542f70392ae026374600add5b887", size = 4968631, upload-time = "2025-06-21T13:39:12.283Z" }
wheels = [
    { url = "https://files.pythonhosted.org/packages/c7/21/705964c7812476f378728bdf590ca4b771ec72385c533964653c68e86bdc/pygments-2.19.2-py3-none-any.whl", hash = "sha256:86540386c03d588bb81d44bc3928634ff26449851e99741617ecb9037ee5ec0b", size = 1225217, upload-time = "2025-06-21T13:39:07.939Z" },
]

[[package]]
name = "pytest"
version = "9.0.2"
source = { registry = "https://pypi.org/simple" }
dependencies = [
    { name = "colorama", marker = "sys_platform == 'win32'" },
    { name = "iniconfig" },
    { name = "packaging" },
    { name = "pluggy" },
    { name = "pygments" },
]
sdist = { url = "https://files.pythonhosted.org/packages/d1/db/7ef3487e0fb0049ddb5ce41d3a49c235bf9ad299b6a25d5780a89f19230f/pytest-9.0.2.tar.gz", hash = "sha256:75186651a92bd89611d1d9fc20f0b4345fd827c41ccd5c299a868a05d70edf11", size = 1568901, upload-time = "2025-12-06T21:30:51.014Z" }
wheels = [
    { url = "https://files.pythonhosted.org/packages/3b/ab/b3226f0bd7cdcf710fbede2b3548584366da3b19b5021e74f5bde2a8fa3f/pytest-9.0.2-py3-none-any.whl", hash = "sha256:711ffd45bf766d5264d487b917733b453d917afd2b0ad65223959f59089f875b", size = 374801, upload-time = "2025-12-06T21:30:49.154Z" },
]

[[package]]
name = "rich"
version = "14.2.0"
source = { registry = "https://pypi.org/simple" }
dependencies = [
    { name = "markdown-it-py" },
    { name = "pygments" },
]
sdist = { url = "https://files.pythonhosted.org/packages/fb/d2/8920e102050a0de7bfabeb4c4614a49248cf8d5d7a8d01885fbb24dc767a/rich-14.2.0.tar.gz", hash = "sha256:73ff50c7c0c1c77c8243079283f4edb376f0f6442433aecb8ce7e6d0b92d1fe4", size = 219990, upload-time = "2025-10-09T14:16:53.064Z" }
wheels = [
    { url = "https://files.pythonhosted.org/packages/25/7a/b0178788f8dc6cafce37a212c99565fa1fe7872c70c6c9c1e1a372d9d88f/rich-14.2.0-py3-none-any.whl", hash = "sha256:76bc51fe2e57d2b1be1f96c524b890b816e334ab4c1e45888799bfaab0021edd", size = 243393, upload-time = "2025-10-09T14:16:51.245Z" },
]

[[package]]
name = "rtc-painting"
version = "0.1.0"
source = { virtual = "." }
dependencies = [
    { name = "convex" },
    { name = "pytest" },
    { name = "ruff" },
    { name = "textual" },
    { name = "ty" },
]

[package.metadata]
requires-dist = [
    { name = "convex", specifier = ">=0.7.0" },
    { name = "pytest", specifier = ">=9.0.2" },
    { name = "ruff", specifier = ">=0.14.11" },
    { name = "textual", specifier = ">=7.2.0" },
    { name = "ty", specifier = ">=0.0.11" },
]

[[package]]
name = "ruff"
version = "0.14.11"
source = { registry = "https://pypi.org/simple" }
sdist = { url = "https://files.pythonhosted.org/packages/d4/77/9a7fe084d268f8855d493e5031ea03fa0af8cc05887f638bf1c4e3363eb8/ruff-0.14.11.tar.gz", hash = "sha256:f6dc463bfa5c07a59b1ff2c3b9767373e541346ea105503b4c0369c520a66958", size = 5993417, upload-time = "2026-01-08T19:11:58.322Z" }
wheels = [
    { url = "https://files.pythonhosted.org/packages/f0/a6/a4c40a5aaa7e331f245d2dc1ac8ece306681f52b636b40ef87c88b9f7afd/ruff-0.14.11-py3-none-linux_armv6l.whl", hash = "sha256:f6ff2d95cbd335841a7217bdfd9c1d2e44eac2c584197ab1385579d55ff8830e", size = 12951208, upload-time = "2026-01-08T19:12:09.218Z" },
    { url = "https://files.pythonhosted.org/packages/5c/5c/360a35cb7204b328b685d3129c08aca24765ff92b5a7efedbdd6c150d555/ruff-0.14.11-py3-none-macosx_10_12_x86_64.whl", hash = "sha256:6f6eb5c1c8033680f4172ea9c8d3706c156223010b8b97b05e82c59bdc774ee6", size = 13330075, upload-time = "2026-01-08T19:12:02.549Z" },
    { url = "https://files.pythonhosted.org/packages/1b/9e/0cc2f1be7a7d33cae541824cf3f95b4ff40d03557b575912b5b70273c9ec/ruff-0.14.11-py3-none-macosx_11_0_arm64.whl", hash = "sha256:f2fc34cc896f90080fca01259f96c566f74069a04b25b6205d55379d12a6855e", size = 12257809, upload-time = "2026-01-08T19:12:00.366Z" },
    { url = "https://files.pythonhosted.org/packages/a7/e5/5faab97c15bb75228d9f74637e775d26ac703cc2b4898564c01ab3637c02/ruff-0.14.11-py3-none-manylinux_2_17_aarch64.manylinux2014_aarch64.whl", hash = "sha256:53386375001773ae812b43205d6064dae49ff0968774e6befe16a994fc233caa", size = 12678447, upload-time = "2026-01-08T19:12:13.899Z" },
    { url = "https://files.pythonhosted.org/packages/1b/33/e9767f60a2bef779fb5855cab0af76c488e0ce90f7bb7b8a45c8a2ba4178/ruff-0.14.11-py3-none-manylinux_2_17_armv7l.manylinux2014_armv7l.whl", hash = "sha256:a697737dce1ca97a0a55b5ff0434ee7205943d4874d638fe3ae66166ff46edbe", size = 12758560, upload-time = "2026-01-08T19:11:42.55Z" },
    { url = "https://files.pythonhosted.org/packages/eb/84/4c6cf627a21462bb5102f7be2a320b084228ff26e105510cd2255ea868e5/ruff-0.14.11-py3-none-manylinux_2_17_i686.manylinux2014_i686.whl", hash = "sha256:6845ca1da8ab81ab1dce755a32ad13f1db72e7fba27c486d5d90d65e04d17b8f", size = 13599296, upload-time = "2026-01-08T19:11:30.371Z" },
    { url = "https://files.pythonhosted.org/packages/88/e1/92b5ed7ea66d849f6157e695dc23d5d6d982bd6aa8d077895652c38a7cae/ruff-0.14.11-py3-none-manylinux_2_17_ppc64.manylinux2014_ppc64.whl", hash = "sha256:e36ce2fd31b54065ec6f76cb08d60159e1b32bdf08507862e32f47e6dde8bcbf", size = 15048981, upload-time = "2026-01-08T19:12:04.742Z" },
    { url = "https://files.pythonhosted.org/packages/61/df/c1bd30992615ac17c2fb64b8a7376ca22c04a70555b5d05b8f717163cf9f/ruff-0.14.11-py3-none-manylinux_2_17_ppc64le.manylinux2014_ppc64le.whl", hash = "sha256:590bcc0e2097ecf74e62a5c10a6b71f008ad82eb97b0a0079e85defe19fe74d9", size = 14633183, upload-time = "2026-01-08T19:11:40.069Z" },
    { url = "https://files.pythonhosted.org/packages/04/e9/fe552902f25013dd28a5428a42347d9ad20c4b534834a325a28305747d64/ruff-0.14.11-py3-none-manylinux_2_17_s390x.manylinux2014_s390x.whl", hash = "sha256:53fe71125fc158210d57fe4da26e622c9c294022988d08d9347ec1cf782adafe", size = 14050453, upload-time = "2026-01-08T19:11:37.555Z" },
    { url = "https://files.pythonhosted.org/packages/ae/93/f36d89fa021543187f98991609ce6e47e24f35f008dfe1af01379d248a41/ruff-0.14.11-py3-none-manylinux_2_17_x86_64.manylinux2014_x86_64.whl", hash = "sha256:a35c9da08562f1598ded8470fcfef2afb5cf881996e6c0a502ceb61f4bc9c8a3", size = 13757889, upload-time = "2026-01-08T19:12:07.094Z" },
    { url = "https://files.pythonhosted.org/packages/b7/9f/c7fb6ecf554f28709a6a1f2a7f74750d400979e8cd47ed29feeaa1bd4db8/ruff-0.14.11-py3-none-manylinux_2_31_riscv64.whl", hash = "sha256:0f3727189a52179393ecf92ec7057c2210203e6af2676f08d92140d3e1ee72c1", size = 13955832, upload-time = "2026-01-08T19:11:55.064Z" },
    { url = "https://files.pythonhosted.org/packages/db/a0/153315310f250f76900a98278cf878c64dfb6d044e184491dd3289796734/ruff-0.14.11-py3-none-musllinux_1_2_aarch64.whl", hash = "sha256:eb09f849bd37147a789b85995ff734a6c4a095bed5fd1608c4f56afc3634cde2", size = 12586522, upload-time = "2026-01-08T19:11:35.356Z" },
    { url = "https://files.pythonhosted.org/packages/2f/2b/a73a2b6e6d2df1d74bf2b78098be1572191e54bec0e59e29382d13c3adc5/ruff-0.14.11-py3-none-musllinux_1_2_armv7l.whl", hash = "sha256:c61782543c1231bf71041461c1f28c64b961d457d0f238ac388e2ab173d7ecb7", size = 12724637, upload-time = "2026-01-08T19:11:47.796Z" },
    { url = "https://files.pythonhosted.org/packages/f0/41/09100590320394401cd3c48fc718a8ba71c7ddb1ffd07e0ad6576b3a3df2/ruff-0.14.11-py3-none-musllinux_1_2_i686.whl", hash = "sha256:82ff352ea68fb6766140381748e1f67f83c39860b6446966cff48a315c3e2491", size = 13145837, upload-time = "2026-01-08T19:11:32.87Z" },
    { url = "https://files.pythonhosted.org/packages/3b/d8/e035db859d1d3edf909381eb8ff3e89a672d6572e9454093538fe6f164b0/ruff-0.14.11-py3-none-musllinux_1_2_x86_64.whl", hash = "sha256:728e56879df4ca5b62a9dde2dd0eb0edda2a55160c0ea28c4025f18c03f86984", size = 13850469, upload-time = "2026-01-08T19:12:11.694Z" },
    { url = "https://files.pythonhosted.org/packages/4e/02/bb3ff8b6e6d02ce9e3740f4c17dfbbfb55f34c789c139e9cd91985f356c7/ruff-0.14.11-py3-none-win32.whl", hash = "sha256:337c5dd11f16ee52ae217757d9b82a26400be7efac883e9e852646f1557ed841", size = 12851094, upload-time = "2026-01-08T19:11:45.163Z" },
    { url = "https://files.pythonhosted.org/packages/58/f1/90ddc533918d3a2ad628bc3044cdfc094949e6d4b929220c3f0eb8a1c998/ruff-0.14.11-py3-none-win_amd64.whl", hash = "sha256:f981cea63d08456b2c070e64b79cb62f951aa1305282974d4d5216e6e0178ae6", size = 14001379, upload-time = "2026-01-08T19:11:52.591Z" },
    { url = "https://files.pythonhosted.org/packages/c4/1c/1dbe51782c0e1e9cfce1d1004752672d2d4629ea46945d19d731ad772b3b/ruff-0.14.11-py3-none-win_arm64.whl", hash = "sha256:649fb6c9edd7f751db276ef42df1f3df41c38d67d199570ae2a7bd6cbc3590f0", size = 12938644, upload-time = "2026-01-08T19:11:50.027Z" },
]

[[package]]
name = "textual"
version = "7.2.0"
source = { registry = "https://pypi.org/simple" }
dependencies = [
    { name = "markdown-it-py", extra = ["linkify"] },
    { name = "mdit-py-plugins" },
    { name = "platformdirs" },
    { name = "pygments" },
    { name = "rich" },
    { name = "typing-extensions" },
]
sdist = { url = "https://files.pythonhosted.org/packages/15/4b/24ae02d857ec0fa6661d27a989994e65c6a3b3d56c7177b2d8e022d29ccc/textual-7.2.0.tar.gz", hash = "sha256:5355f2dc16fbdc452a714dee2e440125e33b82373b3032cb53bea96e7019fa0b", size = 1582530, upload-time = "2026-01-11T17:40:50.75Z" }
wheels = [
    { url = "https://files.pythonhosted.org/packages/48/b8/cc8ed2548ff1bf0fd719dd399bb56869d82a57143c2772cfd57f68efc1d3/textual-7.2.0-py3-none-any.whl", hash = "sha256:2624077f02dbd504beea9a24a943770f954f500a5f29a0bfa83465c52fa3ea1c", size = 715809, upload-time = "2026-01-11T17:40:48.679Z" },
]

[[package]]
name = "ty"
version = "0.0.11"
source = { registry = "https://pypi.org/simple" }
sdist = { url = "https://files.pythonhosted.org/packages/bc/45/5ae578480168d4b3c08cf8e5eac3caf8eb7acdb1a06a9bed7519564bd9b4/ty-0.0.11.tar.gz", hash = "sha256:ebcbc7d646847cb6610de1da4ffc849d8b800e29fd1e9ebb81ba8f3fbac88c25", size = 4920340, upload-time = "2026-01-09T21:06:01.592Z" }
wheels = [
    { url = "https://files.pythonhosted.org/packages/0f/34/b1d05cdcd01589a8d2e63011e0a1e24dcefdc2a09d024fee3e27755963f6/ty-0.0.11-py3-none-linux_armv6l.whl", hash = "sha256:68f0b8d07b0a2ea7ec63a08ba2624f853e4f9fa1a06fce47fb453fa279dead5a", size = 9521748, upload-time = "2026-01-09T21:06:13.221Z" },
    { url = "https://files.pythonhosted.org/packages/43/21/f52d93f4b3784b91bfbcabd01b84dc82128f3a9de178536bcf82968f3367/ty-0.0.11-py3-none-macosx_10_12_x86_64.whl", hash = "sha256:cbf82d7ef0618e9ae3cc3c37c33abcfa302c9b3e3b8ff11d71076f98481cb1a8", size = 9454903, upload-time = "2026-01-09T21:06:42.363Z" },
    { url = "https://files.pythonhosted.org/packages/ad/01/3a563dba8b1255e474c35e1c3810b7589e81ae8c41df401b6a37c8e2cde9/ty-0.0.11-py3-none-macosx_11_0_arm64.whl", hash = "sha256:121987c906e02264c3b511b95cb9f8a3cdd66f3283b8bbab678ca3525652e304", size = 8823417, upload-time = "2026-01-09T21:06:26.315Z" },
    { url = "https://files.pythonhosted.org/packages/6f/b1/99b87222c05d3a28fb7bbfb85df4efdde8cb6764a24c1b138f3a615283dd/ty-0.0.11-py3-none-manylinux_2_17_aarch64.manylinux2014_aarch64.whl", hash = "sha256:999390b6cc045fe5e1b3da1c2c9ae8e8c0def23b69455e7c9191ba9ffd747023", size = 9290785, upload-time = "2026-01-09T21:05:59.028Z" },
    { url = "https://files.pythonhosted.org/packages/3d/9f/598809a8fff2194f907ba6de07ac3d7b7788342592d8f8b98b1b50c2fb49/ty-0.0.11-py3-none-manylinux_2_17_armv7l.manylinux2014_armv7l.whl", hash = "sha256:ed504d78eb613c49be3c848f236b345b6c13dc6bcfc4b202790a60a97e1d8f35", size = 9359392, upload-time = "2026-01-09T21:06:37.459Z" },
    { url = "https://files.pythonhosted.org/packages/71/3e/aeea2a97b38f3dcd9f8224bf83609848efa4bc2f484085508165567daa7b/ty-0.0.11-py3-none-manylinux_2_17_i686.manylinux2014_i686.whl", hash = "sha256:7fedc8b43cc8a9991e0034dd205f957a8380dd29bfce36f2a35b5d321636dfd9", size = 9852973, upload-time = "2026-01-09T21:06:21.245Z" },
    { url = "https://files.pythonhosted.org/packages/72/40/86173116995e38f954811a86339ac4c00a2d8058cc245d3e4903bc4a132c/ty-0.0.11-py3-none-manylinux_2_17_ppc64.manylinux2014_ppc64.whl", hash = "sha256:0808bdfb7efe09881bf70249b85b0498fb8b75fbb036ce251c496c20adb10075", size = 10796113, upload-time = "2026-01-09T21:06:16.034Z" },
    { url = "https://files.pythonhosted.org/packages/69/71/97c92c401dacae9baa3696163ebe8371635ebf34ba9fda781110d0124857/ty-0.0.11-py3-none-manylinux_2_17_ppc64le.manylinux2014_ppc64le.whl", hash = "sha256:07185b3e38b18c562056dfbc35fb51d866f872977ea1ebcd64ca24a001b5b4f1", size = 10432137, upload-time = "2026-01-09T21:06:07.498Z" },
    { url = "https://files.pythonhosted.org/packages/18/10/9ab43f3cfc5f7792f6bc97620f54d0a0a81ef700be84ea7f6be330936a99/ty-0.0.11-py3-none-manylinux_2_17_s390x.manylinux2014_s390x.whl", hash = "sha256:b5c72f1ada8eb5be984502a600f71d1a3099e12fb6f3c0607aaba2f86f0e9d80", size = 10240520, upload-time = "2026-01-09T21:06:34.823Z" },
    { url = "https://files.pythonhosted.org/packages/74/18/8dd4fe6df1fd66f3e83b4798eddb1d8482d9d9b105f25099b76703402ebb/ty-0.0.11-py3-none-manylinux_2_17_x86_64.manylinux2014_x86_64.whl", hash = "sha256:25f88e8789072830348cb59b761d5ced70642ed5600673b4bf6a849af71eca8b", size = 9973340, upload-time = "2026-01-09T21:06:39.657Z" },
    { url = "https://files.pythonhosted.org/packages/e4/0b/fb2301450cf8f2d7164944d6e1e659cac9ec7021556cc173d54947cf8ef4/ty-0.0.11-py3-none-musllinux_1_2_aarch64.whl", hash = "sha256:f370e1047a62dcedcd06e2b27e1f0b16c7f8ea2361d9070fcbf0d0d69baaa192", size = 9262101, upload-time = "2026-01-09T21:06:28.989Z" },
    { url = "https://files.pythonhosted.org/packages/f7/8c/d6374af023541072dee1c8bcfe8242669363a670b7619e6fffcc7415a995/ty-0.0.11-py3-none-musllinux_1_2_armv7l.whl", hash = "sha256:52be34047ed6177bfcef9247459a767ec03d775714855e262bca1fb015895e8a", size = 9382756, upload-time = "2026-01-09T21:06:24.097Z" },
    { url = "https://files.pythonhosted.org/packages/0d/44/edd1e63ffa8d49d720c475c2c1c779084e5efe50493afdc261938705d10a/ty-0.0.11-py3-none-musllinux_1_2_i686.whl", hash = "sha256:b9e5762ccb3778779378020b8d78f936b3f52ea83f18785319cceba3ae85d8e6", size = 9553944, upload-time = "2026-01-09T21:06:18.426Z" },
    { url = "https://files.pythonhosted.org/packages/35/cd/4afdb0d182d23d07ff287740c4954cc6dde5c3aed150ec3f2a1d72b00f71/ty-0.0.11-py3-none-musllinux_1_2_x86_64.whl", hash = "sha256:e9334646ee3095e778e3dbc45fdb2bddfc16acc7804283830ad84991ece16dd7", size = 10060365, upload-time = "2026-01-09T21:06:45.083Z" },
    { url = "https://files.pythonhosted.org/packages/d1/94/a009ad9d8b359933cfea8721c689c0331189be28650d74dcc6add4d5bb09/ty-0.0.11-py3-none-win32.whl", hash = "sha256:44cfb7bb2d6784bd7ffe7b5d9ea90851d9c4723729c50b5f0732d4b9a2013cfc", size = 9040448, upload-time = "2026-01-09T21:06:32.241Z" },
    { url = "https://files.pythonhosted.org/packages/df/04/5a5dfd0aec0ea99ead1e824ee6e347fb623c464da7886aa1e3660fb0f36c/ty-0.0.11-py3-none-win_amd64.whl", hash = "sha256:1bb205db92715d4a13343bfd5b0c59ce8c0ca0daa34fb220ec9120fc66ccbda7", size = 9780112, upload-time = "2026-01-09T21:06:04.69Z" },
    { url = "https://files.pythonhosted.org/packages/ad/07/47d4fccd7bcf5eea1c634d518d6cb233f535a85d0b63fcd66815759e2fa0/ty-0.0.11-py3-none-win_arm64.whl", hash = "sha256:4688bd87b2dc5c85da277bda78daba14af2e66f3dda4d98f3604e3de75519eba", size = 9194038, upload-time = "2026-01-09T21:06:10.152Z" },
]

[[package]]
name = "typing-extensions"
version = "4.15.0"
source = { registry = "https://pypi.org/simple" }
sdist = { url = "https://files.pythonhosted.org/packages/72/94/1a15dd82efb362ac84269196e94cf00f187f7ed21c242792a923cdb1c61f/typing_extensions-4.15.0.tar.gz", hash = "sha256:0cea48d173cc12fa28ecabc3b837ea3cf6f38c6d1136f85cbaaf598984861466", size = 109391, upload-time = "2025-08-25T13:49:26.313Z" }
wheels = [
    { url = "https://files.pythonhosted.org/packages/18/67/36e9267722cc04a6b9f15c7f3441c2363321a3ea07da7ae0c0707beb2a9c/typing_extensions-4.15.0-py3-none-any.whl", hash = "sha256:f0fa19c6845758ab08074a0cfa8b7aecb71c999ca73d62883bc25cc018c4e548", size = 44614, upload-time = "2025-08-25T13:49:24.86Z" },
]

[[package]]
name = "uc-micro-py"
version = "1.0.3"
source = { registry = "https://pypi.org/simple" }
sdist = { url = "https://files.pythonhosted.org/packages/91/7a/146a99696aee0609e3712f2b44c6274566bc368dfe8375191278045186b8/uc-micro-py-1.0.3.tar.gz", hash = "sha256:d321b92cff673ec58027c04015fcaa8bb1e005478643ff4a500882eaab88c48a", size = 6043, upload-time = "2024-02-09T16:52:01.654Z" }
wheels = [
    { url = "https://files.pythonhosted.org/packages/37/87/1f677586e8ac487e29672e4b17455758fce261de06a0d086167bb760361a/uc_micro_py-1.0.3-py3-none-any.whl", hash = "sha256:db1dffff340817673d7b466ec86114a9dc0e9d4d9b5ba229d9d60e5c12600cd5", size = 6229, upload-time = "2024-02-09T16:52:00.371Z" },
]
